// !$*UTF8*$!
{
	archiveVersion = 1;
	classes = {
	};
	objectVersion = 46;
	objects = {

/* Begin PBXBuildFile section */
		8657453D1DBFD291001F45FA /* builtins.swift in Sources */ = {isa = PBXBuildFile; fileRef = 8657453C1DBFD291001F45FA /* builtins.swift */; };
		8657453F1DC01AE0001F45FA /* utilities.swift in Sources */ = {isa = PBXBuildFile; fileRef = 8657453E1DC01AE0001F45FA /* utilities.swift */; };
		86A509651DBEBAA100EB1F10 /* main.swift in Sources */ = {isa = PBXBuildFile; fileRef = 86A509641DBEBAA100EB1F10 /* main.swift */; };
/* End PBXBuildFile section */

/* Begin PBXCopyFilesBuildPhase section */
		86A5095F1DBEBAA100EB1F10 /* CopyFiles */ = {
			isa = PBXCopyFilesBuildPhase;
			buildActionMask = 2147483647;
			dstPath = /usr/share/man/man1/;
			dstSubfolderSpec = 0;
			files = (
			);
			runOnlyForDeploymentPostprocessing = 1;
		};
/* End PBXCopyFilesBuildPhase section */

/* Begin PBXFileReference section */
		8657453C1DBFD291001F45FA /* builtins.swift */ = {isa = PBXFileReference; fileEncoding = 4; lastKnownFileType = sourcecode.swift; path = builtins.swift; sourceTree = "<group>"; };
		8657453E1DC01AE0001F45FA /* utilities.swift */ = {isa = PBXFileReference; fileEncoding = 4; lastKnownFileType = sourcecode.swift; path = utilities.swift; sourceTree = "<group>"; };
		86A509611DBEBAA100EB1F10 /* Swisp */ = {isa = PBXFileReference; explicitFileType = "compiled.mach-o.executable"; includeInIndex = 0; path = Swisp; sourceTree = BUILT_PRODUCTS_DIR; };
		86A509641DBEBAA100EB1F10 /* main.swift */ = {isa = PBXFileReference; lastKnownFileType = sourcecode.swift; path = main.swift; sourceTree = "<group>"; };
/* End PBXFileReference section */

/* Begin PBXFrameworksBuildPhase section */
		86A5095E1DBEBAA100EB1F10 /* Frameworks */ = {
			isa = PBXFrameworksBuildPhase;
			buildActionMask = 2147483647;
			files = (
			);
			runOnlyForDeploymentPostprocessing = 0;
		};
/* End PBXFrameworksBuildPhase section */

/* Begin PBXGroup section */
		86A509581DBEBAA100EB1F10 = {
			isa = PBXGroup;
			children = (
				86A509631DBEBAA100EB1F10 /* Swisp */,
				86A509621DBEBAA100EB1F10 /* Products */,
			);
			sourceTree = "<group>";
		};
		86A509621DBEBAA100EB1F10 /* Products */ = {
			isa = PBXGroup;
			children = (
				86A509611DBEBAA100EB1F10 /* Swisp */,
			);
			name = Products;
			sourceTree = "<group>";
		};
		86A509631DBEBAA100EB1F10 /* Swisp */ = {
			isa = PBXGroup;
			children = (
				86A509641DBEBAA100EB1F10 /* main.swift */,
				8657453C1DBFD291001F45FA /* builtins.swift */,
				8657453E1DC01AE0001F45FA /* utilities.swift */,
			);
			path = Swisp;
			sourceTree = "<group>";
		};
/* End PBXGroup section */

/* Begin PBXNativeTarget section */
		86A509601DBEBAA100EB1F10 /* Swisp */ = {
			isa = PBXNativeTarget;
			buildConfigurationList = 86A509681DBEBAA100EB1F10 /* Build configuration list for PBXNativeTarget "Swisp" */;
			buildPhases = (
				86A5095D1DBEBAA100EB1F10 /* Sources */,
				86A5095E1DBEBAA100EB1F10 /* Frameworks */,
				86A5095F1DBEBAA100EB1F10 /* CopyFiles */,
			);
			buildRules = (
			);
			dependencies = (
			);
			name = Swisp;
			productName = Swisp;
			productReference = 86A509611DBEBAA100EB1F10 /* Swisp */;
			productType = "com.apple.product-type.tool";
		};
/* End PBXNativeTarget section */

/* Begin PBXProject section */
		86A509591DBEBAA100EB1F10 /* Project object */ = {
			isa = PBXProject;
			attributes = {
				LastSwiftUpdateCheck = 0810;
				LastUpgradeCheck = 0810;
				ORGANIZATIONNAME = LivingSocial;
				TargetAttributes = {
					86A509601DBEBAA100EB1F10 = {
						CreatedOnToolsVersion = 8.1;
						DevelopmentTeam = 457C9LGKF4;
						ProvisioningStyle = Automatic;
					};
				};
			};
			buildConfigurationList = 86A5095C1DBEBAA100EB1F10 /* Build configuration list for PBXProject "Swisp" */;
			compatibilityVersion = "Xcode 3.2";
			developmentRegion = English;
			hasScannedForEncodings = 0;
			knownRegions = (
				en,
			);
			mainGroup = 86A509581DBEBAA100EB1F10;
			productRefGroup = 86A509621DBEBAA100EB1F10 /* Products */;
			projectDirPath = "";
			projectRoot = "";
			targets = (
				86A509601DBEBAA100EB1F10 /* Swisp */,
			);
		};
/* End PBXProject section */

/* Begin PBXSourcesBuildPhase section */
		86A5095D1DBEBAA100EB1F10 /* Sources */ = {
			isa = PBXSourcesBuildPhase;
			buildActionMask = 2147483647;
			files = (
				8657453F1DC01AE0001F45FA /* utilities.swift in Sources */,
				86A509651DBEBAA100EB1F10 /* main.swift in Sources */,
				8657453D1DBFD291001F45FA /* builtins.swift in Sources */,
			);
			runOnlyForDeploymentPostprocessing = 0;
		};
/* End PBXSourcesBuildPhase section */

/* Begin XCBuildConfiguration section */
		86A509661DBEBAA100EB1F10 /* Debug */ = {
			isa = XCBuildConfiguration;
			buildSettings = {
				ALWAYS_SEARCH_USER_PATHS = NO;
				CLANG_ANALYZER_NONNULL = YES;
				CLANG_CXX_LANGUAGE_STANDARD = "gnu++0x";
				CLANG_CXX_LIBRARY = "libc++";
				CLANG_ENABLE_MODULES = YES;
				CLANG_ENABLE_OBJC_ARC = YES;
				CLANG_WARN_BOOL_CONVERSION = YES;
				CLANG_WARN_CONSTANT_CONVERSION = YES;
				CLANG_WARN_DIRECT_OBJC_ISA_USAGE = YES_ERROR;
				CLANG_WARN_DOCUMENTATION_COMMENTS = YES;
				CLANG_WARN_EMPTY_BODY = YES;
				CLANG_WARN_ENUM_CONVERSION = YES;
				CLANG_WARN_INFINITE_RECURSION = YES;
				CLANG_WARN_INT_CONVERSION = YES;
				CLANG_WARN_OBJC_ROOT_CLASS = YES_ERROR;
				CLANG_WARN_SUSPICIOUS_MOVES = YES;
				CLANG_WARN_UNREACHABLE_CODE = YES;
				CLANG_WARN__DUPLICATE_METHOD_MATCH = YES;
				CODE_SIGN_IDENTITY = "-";
				COPY_PHASE_STRIP = NO;
				DEBUG_INFORMATION_FORMAT = dwarf;
				ENABLE_STRICT_OBJC_MSGSEND = YES;
				ENABLE_TESTABILITY = YES;
				GCC_C_LANGUAGE_STANDARD = gnu99;
				GCC_DYNAMIC_NO_PIC = NO;
				GCC_NO_COMMON_BLOCKS = YES;
				GCC_OPTIMIZATION_LEVEL = 0;
				GCC_PREPROCESSOR_DEFINITIONS = (
					"DEBUG=1",
					"$(inherited)",
				);
				GCC_WARN_64_TO_32_BIT_CONVERSION = YES;
				GCC_WARN_ABOUT_RETURN_TYPE = YES_ERROR;
				GCC_WARN_UNDECLARED_SELECTOR = YES;
				GCC_WARN_UNINITIALIZED_AUTOS = YES_AGGRESSIVE;
				GCC_WARN_UNUSED_FUNCTION = YES;
				GCC_WARN_UNUSED_VARIABLE = YES;
				MACOSX_DEPLOYMENT_TARGET = 10.12;
				MTL_ENABLE_DEBUG_INFO = YES;
				ONLY_ACTIVE_ARCH = YES;
				SDKROOT = macosx;
				SWIFT_OPTIMIZATION_LEVEL = "-Onone";
			};
			name = Debug;
		};
		86A509671DBEBAA100EB1F10 /* Release */ = {
			isa = XCBuildConfiguration;
			buildSettings = {
				ALWAYS_SEARCH_USER_PATHS = NO;
				CLANG_ANALYZER_NONNULL = YES;
				CLANG_CXX_LANGUAGE_STANDARD = "gnu++0x";
				CLANG_CXX_LIBRARY = "libc++";
				CLANG_ENABLE_MODULES = YES;
				CLANG_ENABLE_OBJC_ARC = YES;
				CLANG_WARN_BOOL_CONVERSION = YES;
				CLANG_WARN_CONSTANT_CONVERSION = YES;
				CLANG_WARN_DIRECT_OBJC_ISA_USAGE = YES_ERROR;
				CLANG_WARN_DOCUMENTATION_COMMENTS = YES;
				CLANG_WARN_EMPTY_BODY = YES;
				CLANG_WARN_ENUM_CONVERSION = YES;
				CLANG_WARN_INFINITE_RECURSION = YES;
				CLANG_WARN_INT_CONVERSION = YES;
				CLANG_WARN_OBJC_ROOT_CLASS = YES_ERROR;
				CLANG_WARN_SUSPICIOUS_MOVES = YES;
				CLANG_WARN_UNREACHABLE_CODE = YES;
				CLANG_WARN__DUPLICATE_METHOD_MATCH = YES;
				CODE_SIGN_IDENTITY = "-";
				COPY_PHASE_STRIP = NO;
				DEBUG_INFORMATION_FORMAT = "dwarf-with-dsym";
				ENABLE_NS_ASSERTIONS = NO;
				ENABLE_STRICT_OBJC_MSGSEND = YES;
				GCC_C_LANGUAGE_STANDARD = gnu99;
				GCC_NO_COMMON_BLOCKS = YES;
				GCC_WARN_64_TO_32_BIT_CONVERSION = YES;
				GCC_WARN_ABOUT_RETURN_TYPE = YES_ERROR;
				GCC_WARN_UNDECLARED_SELECTOR = YES;
				GCC_WARN_UNINITIALIZED_AUTOS = YES_AGGRESSIVE;
				GCC_WARN_UNUSED_FUNCTION = YES;
				GCC_WARN_UNUSED_VARIABLE = YES;
				MACOSX_DEPLOYMENT_TARGET = 10.12;
				MTL_ENABLE_DEBUG_INFO = NO;
				SDKROOT = macosx;
			};
			name = Release;
		};
		86A509691DBEBAA100EB1F10 /* Debug */ = {
			isa = XCBuildConfiguration;
			buildSettings = {
				DEVELOPMENT_TEAM = 457C9LGKF4;
				PRODUCT_NAME = "$(TARGET_NAME)";
				SWIFT_VERSION = 3.0;
			};
			name = Debug;
		};
		86A5096A1DBEBAA100EB1F10 /* Release */ = {
			isa = XCBuildConfiguration;
			buildSettings = {
				DEVELOPMENT_TEAM = 457C9LGKF4;
				PRODUCT_NAME = "$(TARGET_NAME)";
				SWIFT_VERSION = 3.0;
			};
			name = Release;
		};
/* End XCBuildConfiguration section */

/* Begin XCConfigurationList section */
		86A5095C1DBEBAA100EB1F10 /* Build configuration list for PBXProject "Swisp" */ = {
			isa = XCConfigurationList;
			buildConfigurations = (
				86A509661DBEBAA100EB1F10 /* Debug */,
				86A509671DBEBAA100EB1F10 /* Release */,
			);
			defaultConfigurationIsVisible = 0;
			defaultConfigurationName = Release;
		};
		86A509681DBEBAA100EB1F10 /* Build configuration list for PBXNativeTarget "Swisp" */ = {
			isa = XCConfigurationList;
			buildConfigurations = (
				86A509691DBEBAA100EB1F10 /* Debug */,
				86A5096A1DBEBAA100EB1F10 /* Release */,
			);
			defaultConfigurationIsVisible = 0;
			defaultConfigurationName = Release;
		};
/* End XCConfigurationList section */
	};
	rootObject = 86A509591DBEBAA100EB1F10 /* Project object */;
}
